
Microsoft Visual Studio Solution File, Format Version 12.00
# Visual Studio Version 17
VisualStudioVersion = 17.10.35004.147
MinimumVisualStudioVersion = 10.0.40219.1
Project("{FAE04EC0-301F-11D3-BF4B-00C04F79EFBC}") = "OOP", "OOP\OOP.csproj", "{FDA93EC4-253F-4D42-9229-2C6FDC096893}"
EndProject
Global
	GlobalSection(SolutionConfigurationPlatforms) = preSolution
		Debug|Any CPU = Debug|Any CPU
		Release|Any CPU = Release|Any CPU
	EndGlobalSection
	GlobalSection(ProjectConfigurationPlatforms) = postSolution
		{FDA93EC4-253F-4D42-9229-2C6FDC096893}.Debug|Any CPU.ActiveCfg = Debug|Any CPU
		{FDA93EC4-253F-4D42-9229-2C6FDC096893}.Debug|Any CPU.Build.0 = Debug|Any CPU
		{FDA93EC4-253F-4D42-9229-2C6FDC096893}.Release|Any CPU.ActiveCfg = Release|Any CPU
		{FDA93EC4-253F-4D42-9229-2C6FDC096893}.Release|Any CPU.Build.0 = Release|Any CPU
	EndGlobalSection
	GlobalSection(SolutionProperties) = preSolution
		HideSolutionNode = FALSE
	EndGlobalSection
	GlobalSection(ExtensibilityGlobals) = postSolution
		SolutionGuid = {20661ED6-BA0B-4BD2-9864-458B2439BDC1}
	EndGlobalSection
EndGlobal
